// !$*UTF8*$!
{
	archiveVersion = 1;
	classes = {
	};
	objectVersion = 46;
	objects = {

/* Begin PBXBuildFile section */
		04245F9F19EDD7F20016B5D8 /* Foundation.framework in Frameworks */ = {isa = PBXBuildFile; fileRef = 04245F9E19EDD7F20016B5D8 /* Foundation.framework */; };
		04245FA119EDD7F20016B5D8 /* CoreGraphics.framework in Frameworks */ = {isa = PBXBuildFile; fileRef = 04245FA019EDD7F20016B5D8 /* CoreGraphics.framework */; };
		04245FA319EDD7F20016B5D8 /* UIKit.framework in Frameworks */ = {isa = PBXBuildFile; fileRef = 04245FA219EDD7F20016B5D8 /* UIKit.framework */; };
		04245FA919EDD7F20016B5D8 /* InfoPlist.strings in Resources */ = {isa = PBXBuildFile; fileRef = 04245FA719EDD7F20016B5D8 /* InfoPlist.strings */; };
		04245FAB19EDD7F20016B5D8 /* main.m in Sources */ = {isa = PBXBuildFile; fileRef = 04245FAA19EDD7F20016B5D8 /* main.m */; };
		04245FAF19EDD7F20016B5D8 /* AppDelegate.m in Sources */ = {isa = PBXBuildFile; fileRef = 04245FAE19EDD7F20016B5D8 /* AppDelegate.m */; };
		04245FB519EDD7F20016B5D8 /* ViewController.m in Sources */ = {isa = PBXBuildFile; fileRef = 04245FB419EDD7F20016B5D8 /* ViewController.m */; };
		04245FB719EDD7F20016B5D8 /* Images.xcassets in Resources */ = {isa = PBXBuildFile; fileRef = 04245FB619EDD7F20016B5D8 /* Images.xcassets */; };
		04245FBE19EDD7F20016B5D8 /* XCTest.framework in Frameworks */ = {isa = PBXBuildFile; fileRef = 04245FBD19EDD7F20016B5D8 /* XCTest.framework */; };
		04245FBF19EDD7F20016B5D8 /* Foundation.framework in Frameworks */ = {isa = PBXBuildFile; fileRef = 04245F9E19EDD7F20016B5D8 /* Foundation.framework */; };
		04245FC019EDD7F20016B5D8 /* UIKit.framework in Frameworks */ = {isa = PBXBuildFile; fileRef = 04245FA219EDD7F20016B5D8 /* UIKit.framework */; };
		04245FC819EDD7F20016B5D8 /* InfoPlist.strings in Resources */ = {isa = PBXBuildFile; fileRef = 04245FC619EDD7F20016B5D8 /* InfoPlist.strings */; };
		04245FCA19EDD7F20016B5D8 /* SampleProjectTests.m in Sources */ = {isa = PBXBuildFile; fileRef = 04245FC919EDD7F20016B5D8 /* SampleProjectTests.m */; };
		04245FD419EDD81F0016B5D8 /* ViewController.xib in Resources */ = {isa = PBXBuildFile; fileRef = 04245FD319EDD81F0016B5D8 /* ViewController.xib */; };
/* End PBXBuildFile section */

/* Begin PBXContainerItemProxy section */
		04245FC119EDD7F20016B5D8 /* PBXContainerItemProxy */ = {
			isa = PBXContainerItemProxy;
			containerPortal = 04245F9319EDD7F20016B5D8 /* Project object */;
			proxyType = 1;
			remoteGlobalIDString = 04245F9A19EDD7F20016B5D8;
			remoteInfo = SampleProject;
		};
/* End PBXContainerItemProxy section */

/* Begin PBXFileReference section */
		04245F9B19EDD7F20016B5D8 /* SampleProject.app */ = {isa = PBXFileReference; explicitFileType = wrapper.application; includeInIndex = 0; path = SampleProject.app; sourceTree = BUILT_PRODUCTS_DIR; };
		04245F9E19EDD7F20016B5D8 /* Foundation.framework */ = {isa = PBXFileReference; lastKnownFileType = wrapper.framework; name = Foundation.framework; path = System/Library/Frameworks/Foundation.framework; sourceTree = SDKROOT; };
		04245FA019EDD7F20016B5D8 /* CoreGraphics.framework */ = {isa = PBXFileReference; lastKnownFileType = wrapper.framework; name = CoreGraphics.framework; path = System/Library/Frameworks/CoreGraphics.framework; sourceTree = SDKROOT; };
		04245FA219EDD7F20016B5D8 /* UIKit.framework */ = {isa = PBXFileReference; lastKnownFileType = wrapper.framework; name = UIKit.framework; path = System/Library/Frameworks/UIKit.framework; sourceTree = SDKROOT; };
		04245FA619EDD7F20016B5D8 /* SampleProject-Info.plist */ = {isa = PBXFileReference; lastKnownFileType = text.plist.xml; path = "SampleProject-Info.plist"; sourceTree = "<group>"; };
		04245FA819EDD7F20016B5D8 /* en */ = {isa = PBXFileReference; lastKnownFileType = text.plist.strings; name = en; path = en.lproj/InfoPlist.strings; sourceTree = "<group>"; };
		04245FAA19EDD7F20016B5D8 /* main.m */ = {isa = PBXFileReference; lastKnownFileType = sourcecode.c.objc; path = main.m; sourceTree = "<group>"; };
		04245FAC19EDD7F20016B5D8 /* SampleProject-Prefix.pch */ = {isa = PBXFileReference; lastKnownFileType = sourcecode.c.h; path = "SampleProject-Prefix.pch"; sourceTree = "<group>"; };
		04245FAD19EDD7F20016B5D8 /* AppDelegate.h */ = {isa = PBXFileReference; lastKnownFileType = sourcecode.c.h; path = AppDelegate.h; sourceTree = "<group>"; };
		04245FAE19EDD7F20016B5D8 /* AppDelegate.m */ = {isa = PBXFileReference; lastKnownFileType = sourcecode.c.objc; path = AppDelegate.m; sourceTree = "<group>"; };
		04245FB319EDD7F20016B5D8 /* ViewController.h */ = {isa = PBXFileReference; lastKnownFileType = sourcecode.c.h; path = ViewController.h; sourceTree = "<group>"; };
		04245FB419EDD7F20016B5D8 /* ViewController.m */ = {isa = PBXFileReference; lastKnownFileType = sourcecode.c.objc; path = ViewController.m; sourceTree = "<group>"; };
		04245FB619EDD7F20016B5D8 /* Images.xcassets */ = {isa = PBXFileReference; lastKnownFileType = folder.assetcatalog; path = Images.xcassets; sourceTree = "<group>"; };
		04245FBC19EDD7F20016B5D8 /* SampleProjectTests.xctest */ = {isa = PBXFileReference; explicitFileType = wrapper.cfbundle; includeInIndex = 0; path = SampleProjectTests.xctest; sourceTree = BUILT_PRODUCTS_DIR; };
		04245FBD19EDD7F20016B5D8 /* XCTest.framework */ = {isa = PBXFileReference; lastKnownFileType = wrapper.framework; name = XCTest.framework; path = Library/Frameworks/XCTest.framework; sourceTree = DEVELOPER_DIR; };
		04245FC519EDD7F20016B5D8 /* SampleProjectTests-Info.plist */ = {isa = PBXFileReference; lastKnownFileType = text.plist.xml; path = "SampleProjectTests-Info.plist"; sourceTree = "<group>"; };
		04245FC719EDD7F20016B5D8 /* en */ = {isa = PBXFileReference; lastKnownFileType = text.plist.strings; name = en; path = en.lproj/InfoPlist.strings; sourceTree = "<group>"; };
		04245FC919EDD7F20016B5D8 /* SampleProjectTests.m */ = {isa = PBXFileReference; lastKnownFileType = sourcecode.c.objc; path = SampleProjectTests.m; sourceTree = "<group>"; };
		04245FD319EDD81F0016B5D8 /* ViewController.xib */ = {isa = PBXFileReference; fileEncoding = 4; lastKnownFileType = file.xib; path = ViewController.xib; sourceTree = "<group>"; };
/* End PBXFileReference section */

/* Begin PBXFrameworksBuildPhase section */
		04245F9819EDD7F20016B5D8 /* Frameworks */ = {
			isa = PBXFrameworksBuildPhase;
			buildActionMask = 2147483647;
			files = (
				04245FA119EDD7F20016B5D8 /* CoreGraphics.framework in Frameworks */,
				04245FA319EDD7F20016B5D8 /* UIKit.framework in Frameworks */,
				04245F9F19EDD7F20016B5D8 /* Foundation.framework in Frameworks */,
			);
			runOnlyForDeploymentPostprocessing = 0;
		};
		04245FB919EDD7F20016B5D8 /* Frameworks */ = {
			isa = PBXFrameworksBuildPhase;
			buildActionMask = 2147483647;
			files = (
				04245FBE19EDD7F20016B5D8 /* XCTest.framework in Frameworks */,
				04245FC019EDD7F20016B5D8 /* UIKit.framework in Frameworks */,
				04245FBF19EDD7F20016B5D8 /* Foundation.framework in Frameworks */,
			);
			runOnlyForDeploymentPostprocessing = 0;
		};
/* End PBXFrameworksBuildPhase section */

/* Begin PBXGroup section */
		04245F9219EDD7F20016B5D8 = {
			isa = PBXGroup;
			children = (
				04245FA419EDD7F20016B5D8 /* SampleProject */,
				04245FC319EDD7F20016B5D8 /* SampleProjectTests */,
				04245F9D19EDD7F20016B5D8 /* Frameworks */,
				04245F9C19EDD7F20016B5D8 /* Products */,
			);
			sourceTree = "<group>";
		};
		04245F9C19EDD7F20016B5D8 /* Products */ = {
			isa = PBXGroup;
			children = (
				04245F9B19EDD7F20016B5D8 /* SampleProject.app */,
				04245FBC19EDD7F20016B5D8 /* SampleProjectTests.xctest */,
			);
			name = Products;
			sourceTree = "<group>";
		};
		04245F9D19EDD7F20016B5D8 /* Frameworks */ = {
			isa = PBXGroup;
			children = (
				04245F9E19EDD7F20016B5D8 /* Foundation.framework */,
				04245FA019EDD7F20016B5D8 /* CoreGraphics.framework */,
				04245FA219EDD7F20016B5D8 /* UIKit.framework */,
				04245FBD19EDD7F20016B5D8 /* XCTest.framework */,
			);
			name = Frameworks;
			sourceTree = "<group>";
		};
		04245FA419EDD7F20016B5D8 /* SampleProject */ = {
			isa = PBXGroup;
			children = (
				04245FAD19EDD7F20016B5D8 /* AppDelegate.h */,
				04245FAE19EDD7F20016B5D8 /* AppDelegate.m */,
				04245FB319EDD7F20016B5D8 /* ViewController.h */,
				04245FB419EDD7F20016B5D8 /* ViewController.m */,
				04245FD319EDD81F0016B5D8 /* ViewController.xib */,
				04245FB619EDD7F20016B5D8 /* Images.xcassets */,
				04245FA519EDD7F20016B5D8 /* Supporting Files */,
			);
			path = SampleProject;
			sourceTree = "<group>";
		};
		04245FA519EDD7F20016B5D8 /* Supporting Files */ = {
			isa = PBXGroup;
			children = (
				04245FA619EDD7F20016B5D8 /* SampleProject-Info.plist */,
				04245FA719EDD7F20016B5D8 /* InfoPlist.strings */,
				04245FAA19EDD7F20016B5D8 /* main.m */,
				04245FAC19EDD7F20016B5D8 /* SampleProject-Prefix.pch */,
			);
			name = "Supporting Files";
			sourceTree = "<group>";
		};
		04245FC319EDD7F20016B5D8 /* SampleProjectTests */ = {
			isa = PBXGroup;
			children = (
				04245FC919EDD7F20016B5D8 /* SampleProjectTests.m */,
				04245FC419EDD7F20016B5D8 /* Supporting Files */,
			);
			path = SampleProjectTests;
			sourceTree = "<group>";
		};
		04245FC419EDD7F20016B5D8 /* Supporting Files */ = {
			isa = PBXGroup;
			children = (
				04245FC519EDD7F20016B5D8 /* SampleProjectTests-Info.plist */,
				04245FC619EDD7F20016B5D8 /* InfoPlist.strings */,
			);
			name = "Supporting Files";
			sourceTree = "<group>";
		};
/* End PBXGroup section */

/* Begin PBXNativeTarget section */
		04245F9A19EDD7F20016B5D8 /* SampleProject */ = {
			isa = PBXNativeTarget;
			buildConfigurationList = 04245FCD19EDD7F20016B5D8 /* Build configuration list for PBXNativeTarget "SampleProject" */;
			buildPhases = (
				04245F9719EDD7F20016B5D8 /* Sources */,
				04245F9819EDD7F20016B5D8 /* Frameworks */,
				04245F9919EDD7F20016B5D8 /* Resources */,
			);
			buildRules = (
			);
			dependencies = (
			);
			name = SampleProject;
			productName = SampleProject;
			productReference = 04245F9B19EDD7F20016B5D8 /* SampleProject.app */;
			productType = "com.apple.product-type.application";
		};
		04245FBB19EDD7F20016B5D8 /* SampleProjectTests */ = {
			isa = PBXNativeTarget;
			buildConfigurationList = 04245FD019EDD7F20016B5D8 /* Build configuration list for PBXNativeTarget "SampleProjectTests" */;
			buildPhases = (
				04245FB819EDD7F20016B5D8 /* Sources */,
				04245FB919EDD7F20016B5D8 /* Frameworks */,
				04245FBA19EDD7F20016B5D8 /* Resources */,
			);
			buildRules = (
			);
			dependencies = (
				04245FC219EDD7F20016B5D8 /* PBXTargetDependency */,
			);
			name = SampleProjectTests;
			productName = SampleProjectTests;
			productReference = 04245FBC19EDD7F20016B5D8 /* SampleProjectTests.xctest */;
			productType = "com.apple.product-type.bundle.unit-test";
		};
/* End PBXNativeTarget section */

/* Begin PBXProject section */
		04245F9319EDD7F20016B5D8 /* Project object */ = {
			isa = PBXProject;
			attributes = {
				LastUpgradeCheck = 0510;
				ORGANIZATIONNAME = RESOTEL;
				TargetAttributes = {
					04245FBB19EDD7F20016B5D8 = {
						TestTargetID = 04245F9A19EDD7F20016B5D8;
					};
				};
			};
			buildConfigurationList = 04245F9619EDD7F20016B5D8 /* Build configuration list for PBXProject "SampleProject" */;
			compatibilityVersion = "Xcode 3.2";
			developmentRegion = English;
			hasScannedForEncodings = 0;
			knownRegions = (
				en,
				Base,
			);
			mainGroup = 04245F9219EDD7F20016B5D8;
			productRefGroup = 04245F9C19EDD7F20016B5D8 /* Products */;
			projectDirPath = "";
			projectRoot = "";
			targets = (
				04245F9A19EDD7F20016B5D8 /* SampleProject */,
				04245FBB19EDD7F20016B5D8 /* SampleProjectTests */,
			);
		};
/* End PBXProject section */

/* Begin PBXResourcesBuildPhase section */
		04245F9919EDD7F20016B5D8 /* Resources */ = {
			isa = PBXResourcesBuildPhase;
			buildActionMask = 2147483647;
			files = (
				04245FB719EDD7F20016B5D8 /* Images.xcassets in Resources */,
				04245FD419EDD81F0016B5D8 /* ViewController.xib in Resources */,
				04245FA919EDD7F20016B5D8 /* InfoPlist.strings in Resources */,
			);
			runOnlyForDeploymentPostprocessing = 0;
		};
		04245FBA19EDD7F20016B5D8 /* Resources */ = {
			isa = PBXResourcesBuildPhase;
			buildActionMask = 2147483647;
			files = (
				04245FC819EDD7F20016B5D8 /* InfoPlist.strings in Resources */,
			);
			runOnlyForDeploymentPostprocessing = 0;
		};
/* End PBXResourcesBuildPhase section */

/* Begin PBXSourcesBuildPhase section */
		04245F9719EDD7F20016B5D8 /* Sources */ = {
			isa = PBXSourcesBuildPhase;
			buildActionMask = 2147483647;
			files = (
				04245FB519EDD7F20016B5D8 /* ViewController.m in Sources */,
				04245FAF19EDD7F20016B5D8 /* AppDelegate.m in Sources */,
				04245FAB19EDD7F20016B5D8 /* main.m in Sources */,
			);
			runOnlyForDeploymentPostprocessing = 0;
		};
		04245FB819EDD7F20016B5D8 /* Sources */ = {
			isa = PBXSourcesBuildPhase;
			buildActionMask = 2147483647;
			files = (
				04245FCA19EDD7F20016B5D8 /* SampleProjectTests.m in Sources */,
			);
			runOnlyForDeploymentPostprocessing = 0;
		};
/* End PBXSourcesBuildPhase section */

/* Begin PBXTargetDependency section */
		04245FC219EDD7F20016B5D8 /* PBXTargetDependency */ = {
			isa = PBXTargetDependency;
			target = 04245F9A19EDD7F20016B5D8 /* SampleProject */;
			targetProxy = 04245FC119EDD7F20016B5D8 /* PBXContainerItemProxy */;
		};
/* End PBXTargetDependency section */

/* Begin PBXVariantGroup section */
		04245FA719EDD7F20016B5D8 /* InfoPlist.strings */ = {
			isa = PBXVariantGroup;
			children = (
				04245FA819EDD7F20016B5D8 /* en */,
			);
			name = InfoPlist.strings;
			sourceTree = "<group>";
		};
		04245FC619EDD7F20016B5D8 /* InfoPlist.strings */ = {
			isa = PBXVariantGroup;
			children = (
				04245FC719EDD7F20016B5D8 /* en */,
			);
			name = InfoPlist.strings;
			sourceTree = "<group>";
		};
/* End PBXVariantGroup section */

/* Begin XCBuildConfiguration section */
		04245FCB19EDD7F20016B5D8 /* Debug */ = {
			isa = XCBuildConfiguration;
			buildSettings = {
				ALWAYS_SEARCH_USER_PATHS = NO;
				CLANG_CXX_LANGUAGE_STANDARD = "gnu++0x";
				CLANG_CXX_LIBRARY = "libc++";
				CLANG_ENABLE_MODULES = YES;
				CLANG_ENABLE_OBJC_ARC = YES;
				CLANG_WARN_BOOL_CONVERSION = YES;
				CLANG_WARN_CONSTANT_CONVERSION = YES;
				CLANG_WARN_DIRECT_OBJC_ISA_USAGE = YES_ERROR;
				CLANG_WARN_EMPTY_BODY = YES;
				CLANG_WARN_ENUM_CONVERSION = YES;
				CLANG_WARN_INT_CONVERSION = YES;
				CLANG_WARN_OBJC_ROOT_CLASS = YES_ERROR;
				CLANG_WARN__DUPLICATE_METHOD_MATCH = YES;
				"CODE_SIGN_IDENTITY[sdk=iphoneos*]" = "iPhone Developer";
				COPY_PHASE_STRIP = NO;
				GCC_C_LANGUAGE_STANDARD = gnu99;
				GCC_DYNAMIC_NO_PIC = NO;
				GCC_OPTIMIZATION_LEVEL = 0;
				GCC_PREPROCESSOR_DEFINITIONS = (
					"DEBUG=1",
					"$(inherited)",
				);
				GCC_SYMBOLS_PRIVATE_EXTERN = NO;
				GCC_WARN_64_TO_32_BIT_CONVERSION = YES;
				GCC_WARN_ABOUT_RETURN_TYPE = YES_ERROR;
				GCC_WARN_UNDECLARED_SELECTOR = YES;
				GCC_WARN_UNINITIALIZED_AUTOS = YES_AGGRESSIVE;
				GCC_WARN_UNUSED_FUNCTION = YES;
				GCC_WARN_UNUSED_VARIABLE = YES;
				IPHONEOS_DEPLOYMENT_TARGET = 7.1;
				ONLY_ACTIVE_ARCH = YES;
				SDKROOT = iphoneos;
			};
			name = Debug;
		};
		04245FCC19EDD7F20016B5D8 /* Release */ = {
			isa = XCBuildConfiguration;
			buildSettings = {
				ALWAYS_SEARCH_USER_PATHS = NO;
				CLANG_CXX_LANGUAGE_STANDARD = "gnu++0x";
				CLANG_CXX_LIBRARY = "libc++";
				CLANG_ENABLE_MODULES = YES;
				CLANG_ENABLE_OBJC_ARC = YES;
				CLANG_WARN_BOOL_CONVERSION = YES;
				CLANG_WARN_CONSTANT_CONVERSION = YES;
				CLANG_WARN_DIRECT_OBJC_ISA_USAGE = YES_ERROR;
				CLANG_WARN_EMPTY_BODY = YES;
				CLANG_WARN_ENUM_CONVERSION = YES;
				CLANG_WARN_INT_CONVERSION = YES;
				CLANG_WARN_OBJC_ROOT_CLASS = YES_ERROR;
				CLANG_WARN__DUPLICATE_METHOD_MATCH = YES;
				"CODE_SIGN_IDENTITY[sdk=iphoneos*]" = "iPhone Developer";
				COPY_PHASE_STRIP = YES;
				ENABLE_NS_ASSERTIONS = NO;
				GCC_C_LANGUAGE_STANDARD = gnu99;
				GCC_WARN_64_TO_32_BIT_CONVERSION = YES;
				GCC_WARN_ABOUT_RETURN_TYPE = YES_ERROR;
				GCC_WARN_UNDECLARED_SELECTOR = YES;
				GCC_WARN_UNINITIALIZED_AUTOS = YES_AGGRESSIVE;
				GCC_WARN_UNUSED_FUNCTION = YES;
				GCC_WARN_UNUSED_VARIABLE = YES;
				IPHONEOS_DEPLOYMENT_TARGET = 7.1;
				SDKROOT = iphoneos;
				VALIDATE_PRODUCT = YES;
			};
			name = Release;
		};
		04245FCE19EDD7F20016B5D8 /* Debug */ = {
			isa = XCBuildConfiguration;
			buildSettings = {
				ASSETCATALOG_COMPILER_APPICON_NAME = AppIcon;
				ASSETCATALOG_COMPILER_LAUNCHIMAGE_NAME = LaunchImage;
				GCC_PRECOMPILE_PREFIX_HEADER = YES;
				GCC_PREFIX_HEADER = "SampleProject/SampleProject-Prefix.pch";
				INFOPLIST_FILE = "SampleProject/SampleProject-Info.plist";
				PRODUCT_NAME = "$(TARGET_NAME)";
				WRAPPER_EXTENSION = app;
			};
			name = Debug;
		};
		04245FCF19EDD7F20016B5D8 /* Release */ = {
			isa = XCBuildConfiguration;
			buildSettings = {
				ASSETCATALOG_COMPILER_APPICON_NAME = AppIcon;
				ASSETCATALOG_COMPILER_LAUNCHIMAGE_NAME = LaunchImage;
				GCC_PRECOMPILE_PREFIX_HEADER = YES;
				GCC_PREFIX_HEADER = "SampleProject/SampleProject-Prefix.pch";
				INFOPLIST_FILE = "SampleProject/SampleProject-Info.plist";
				PRODUCT_NAME = "$(TARGET_NAME)";
				WRAPPER_EXTENSION = app;
			};
			name = Release;
		};
		04245FD119EDD7F20016B5D8 /* Debug */ = {
			isa = XCBuildConfiguration;
			buildSettings = {
				BUNDLE_LOADER = "$(BUILT_PRODUCTS_DIR)/SampleProject.app/SampleProject";
				FRAMEWORK_SEARCH_PATHS = (
					"$(SDKROOT)/Developer/Library/Frameworks",
					"$(inherited)",
					"$(DEVELOPER_FRAMEWORKS_DIR)",
				);
				GCC_PRECOMPILE_PREFIX_HEADER = YES;
				GCC_PREFIX_HEADER = "SampleProject/SampleProject-Prefix.pch";
				GCC_PREPROCESSOR_DEFINITIONS = (
					"DEBUG=1",
					"$(inherited)",
				);
				INFOPLIST_FILE = "SampleProjectTests/SampleProjectTests-Info.plist";
				PRODUCT_NAME = "$(TARGET_NAME)";
				TEST_HOST = "$(BUNDLE_LOADER)";
				WRAPPER_EXTENSION = xctest;
			};
			name = Debug;
		};
		04245FD219EDD7F20016B5D8 /* Release */ = {
			isa = XCBuildConfiguration;
			buildSettings = {
				BUNDLE_LOADER = "$(BUILT_PRODUCTS_DIR)/SampleProject.app/SampleProject";
				FRAMEWORK_SEARCH_PATHS = (
					"$(SDKROOT)/Developer/Library/Frameworks",
					"$(inherited)",
					"$(DEVELOPER_FRAMEWORKS_DIR)",
				);
				GCC_PRECOMPILE_PREFIX_HEADER = YES;
				GCC_PREFIX_HEADER = "SampleProject/SampleProject-Prefix.pch";
				INFOPLIST_FILE = "SampleProjectTests/SampleProjectTests-Info.plist";
				PRODUCT_NAME = "$(TARGET_NAME)";
				TEST_HOST = "$(BUNDLE_LOADER)";
				WRAPPER_EXTENSION = xctest;
			};
			name = Release;
		};
/* End XCBuildConfiguration section */

/* Begin XCConfigurationList section */
		04245F9619EDD7F20016B5D8 /* Build configuration list for PBXProject "SampleProject" */ = {
			isa = XCConfigurationList;
			buildConfigurations = (
				04245FCB19EDD7F20016B5D8 /* Debug */,
				04245FCC19EDD7F20016B5D8 /* Release */,
			);
			defaultConfigurationIsVisible = 0;
			defaultConfigurationName = Release;
		};
		04245FCD19EDD7F20016B5D8 /* Build configuration list for PBXNativeTarget "SampleProject" */ = {
			isa = XCConfigurationList;
			buildConfigurations = (
				04245FCE19EDD7F20016B5D8 /* Debug */,
				04245FCF19EDD7F20016B5D8 /* Release */,
			);
			defaultConfigurationIsVisible = 0;
		};
		04245FD019EDD7F20016B5D8 /* Build configuration list for PBXNativeTarget "SampleProjectTests" */ = {
			isa = XCConfigurationList;
			buildConfigurations = (
				04245FD119EDD7F20016B5D8 /* Debug */,
				04245FD219EDD7F20016B5D8 /* Release */,
			);
			defaultConfigurationIsVisible = 0;
		};
/* End XCConfigurationList section */
	};
	rootObject = 04245F9319EDD7F20016B5D8 /* Project object */;
}
